// !$*UTF8*$!
{
	archiveVersion = 1;
	classes = {
	};
	objectVersion = 50;
	objects = {

/* Begin PBXBuildFile section */
		BFB91DF626650AE000E9C3BE /* AppDelegate.swift in Sources */ = {isa = PBXBuildFile; fileRef = BFB91DF526650AE000E9C3BE /* AppDelegate.swift */; };
		BFB91DF826650AE000E9C3BE /* SceneDelegate.swift in Sources */ = {isa = PBXBuildFile; fileRef = BFB91DF726650AE000E9C3BE /* SceneDelegate.swift */; };
		BFB91DFA26650AE000E9C3BE /* ViewController.swift in Sources */ = {isa = PBXBuildFile; fileRef = BFB91DF926650AE000E9C3BE /* ViewController.swift */; };
		BFB91DFD26650AE000E9C3BE /* Main.storyboard in Resources */ = {isa = PBXBuildFile; fileRef = BFB91DFB26650AE000E9C3BE /* Main.storyboard */; };
		BFB91DFF26650AE500E9C3BE /* Assets.xcassets in Resources */ = {isa = PBXBuildFile; fileRef = BFB91DFE26650AE500E9C3BE /* Assets.xcassets */; };
		BFB91E0226650AE500E9C3BE /* LaunchScreen.storyboard in Resources */ = {isa = PBXBuildFile; fileRef = BFB91E0026650AE500E9C3BE /* LaunchScreen.storyboard */; };
		BFB91E0D26650AE600E9C3BE /* calculatorTests.swift in Sources */ = {isa = PBXBuildFile; fileRef = BFB91E0C26650AE600E9C3BE /* calculatorTests.swift */; };
		BFB91E1826650AE600E9C3BE /* calculatorUITests.swift in Sources */ = {isa = PBXBuildFile; fileRef = BFB91E1726650AE600E9C3BE /* calculatorUITests.swift */; };
/* End PBXBuildFile section */

/* Begin PBXContainerItemProxy section */
		BFB91E0926650AE600E9C3BE /* PBXContainerItemProxy */ = {
			isa = PBXContainerItemProxy;
			containerPortal = BFB91DEA26650AE000E9C3BE /* Project object */;
			proxyType = 1;
			remoteGlobalIDString = BFB91DF126650AE000E9C3BE;
			remoteInfo = calculator;
		};
		BFB91E1426650AE600E9C3BE /* PBXContainerItemProxy */ = {
			isa = PBXContainerItemProxy;
			containerPortal = BFB91DEA26650AE000E9C3BE /* Project object */;
			proxyType = 1;
			remoteGlobalIDString = BFB91DF126650AE000E9C3BE;
			remoteInfo = calculator;
		};
/* End PBXContainerItemProxy section */

/* Begin PBXFileReference section */
		BFB91DF226650AE000E9C3BE /* calculator.app */ = {isa = PBXFileReference; explicitFileType = wrapper.application; includeInIndex = 0; path = calculator.app; sourceTree = BUILT_PRODUCTS_DIR; };
		BFB91DF526650AE000E9C3BE /* AppDelegate.swift */ = {isa = PBXFileReference; lastKnownFileType = sourcecode.swift; path = AppDelegate.swift; sourceTree = "<group>"; };
		BFB91DF726650AE000E9C3BE /* SceneDelegate.swift */ = {isa = PBXFileReference; lastKnownFileType = sourcecode.swift; path = SceneDelegate.swift; sourceTree = "<group>"; };
		BFB91DF926650AE000E9C3BE /* ViewController.swift */ = {isa = PBXFileReference; lastKnownFileType = sourcecode.swift; path = ViewController.swift; sourceTree = "<group>"; };
		BFB91DFC26650AE000E9C3BE /* Base */ = {isa = PBXFileReference; lastKnownFileType = file.storyboard; name = Base; path = Base.lproj/Main.storyboard; sourceTree = "<group>"; };
		BFB91DFE26650AE500E9C3BE /* Assets.xcassets */ = {isa = PBXFileReference; lastKnownFileType = folder.assetcatalog; path = Assets.xcassets; sourceTree = "<group>"; };
		BFB91E0126650AE500E9C3BE /* Base */ = {isa = PBXFileReference; lastKnownFileType = file.storyboard; name = Base; path = Base.lproj/LaunchScreen.storyboard; sourceTree = "<group>"; };
		BFB91E0326650AE500E9C3BE /* Info.plist */ = {isa = PBXFileReference; lastKnownFileType = text.plist.xml; path = Info.plist; sourceTree = "<group>"; };
		BFB91E0826650AE600E9C3BE /* calculatorTests.xctest */ = {isa = PBXFileReference; explicitFileType = wrapper.cfbundle; includeInIndex = 0; path = calculatorTests.xctest; sourceTree = BUILT_PRODUCTS_DIR; };
		BFB91E0C26650AE600E9C3BE /* calculatorTests.swift */ = {isa = PBXFileReference; lastKnownFileType = sourcecode.swift; path = calculatorTests.swift; sourceTree = "<group>"; };
		BFB91E0E26650AE600E9C3BE /* Info.plist */ = {isa = PBXFileReference; lastKnownFileType = text.plist.xml; path = Info.plist; sourceTree = "<group>"; };
		BFB91E1326650AE600E9C3BE /* calculatorUITests.xctest */ = {isa = PBXFileReference; explicitFileType = wrapper.cfbundle; includeInIndex = 0; path = calculatorUITests.xctest; sourceTree = BUILT_PRODUCTS_DIR; };
		BFB91E1726650AE600E9C3BE /* calculatorUITests.swift */ = {isa = PBXFileReference; lastKnownFileType = sourcecode.swift; path = calculatorUITests.swift; sourceTree = "<group>"; };
		BFB91E1926650AE600E9C3BE /* Info.plist */ = {isa = PBXFileReference; lastKnownFileType = text.plist.xml; path = Info.plist; sourceTree = "<group>"; };
/* End PBXFileReference section */

/* Begin PBXFrameworksBuildPhase section */
		BFB91DEF26650AE000E9C3BE /* Frameworks */ = {
			isa = PBXFrameworksBuildPhase;
			buildActionMask = 2147483647;
			files = (
			);
			runOnlyForDeploymentPostprocessing = 0;
		};
		BFB91E0526650AE600E9C3BE /* Frameworks */ = {
			isa = PBXFrameworksBuildPhase;
			buildActionMask = 2147483647;
			files = (
			);
			runOnlyForDeploymentPostprocessing = 0;
		};
		BFB91E1026650AE600E9C3BE /* Frameworks */ = {
			isa = PBXFrameworksBuildPhase;
			buildActionMask = 2147483647;
			files = (
			);
			runOnlyForDeploymentPostprocessing = 0;
		};
/* End PBXFrameworksBuildPhase section */

/* Begin PBXGroup section */
		BFB91DE926650AE000E9C3BE = {
			isa = PBXGroup;
			children = (
				BFB91DF426650AE000E9C3BE /* calculator */,
				BFB91E0B26650AE600E9C3BE /* calculatorTests */,
				BFB91E1626650AE600E9C3BE /* calculatorUITests */,
				BFB91DF326650AE000E9C3BE /* Products */,
			);
			sourceTree = "<group>";
		};
		BFB91DF326650AE000E9C3BE /* Products */ = {
			isa = PBXGroup;
			children = (
				BFB91DF226650AE000E9C3BE /* calculator.app */,
				BFB91E0826650AE600E9C3BE /* calculatorTests.xctest */,
				BFB91E1326650AE600E9C3BE /* calculatorUITests.xctest */,
			);
			name = Products;
			sourceTree = "<group>";
		};
		BFB91DF426650AE000E9C3BE /* calculator */ = {
			isa = PBXGroup;
			children = (
				BFB91DF526650AE000E9C3BE /* AppDelegate.swift */,
				BFB91DF726650AE000E9C3BE /* SceneDelegate.swift */,
				BFB91DF926650AE000E9C3BE /* ViewController.swift */,
				BFB91DFB26650AE000E9C3BE /* Main.storyboard */,
				BFB91DFE26650AE500E9C3BE /* Assets.xcassets */,
				BFB91E0026650AE500E9C3BE /* LaunchScreen.storyboard */,
				BFB91E0326650AE500E9C3BE /* Info.plist */,
			);
			path = calculator;
			sourceTree = "<group>";
		};
		BFB91E0B26650AE600E9C3BE /* calculatorTests */ = {
			isa = PBXGroup;
			children = (
				BFB91E0C26650AE600E9C3BE /* calculatorTests.swift */,
				BFB91E0E26650AE600E9C3BE /* Info.plist */,
			);
			path = calculatorTests;
			sourceTree = "<group>";
		};
		BFB91E1626650AE600E9C3BE /* calculatorUITests */ = {
			isa = PBXGroup;
			children = (
				BFB91E1726650AE600E9C3BE /* calculatorUITests.swift */,
				BFB91E1926650AE600E9C3BE /* Info.plist */,
			);
			path = calculatorUITests;
			sourceTree = "<group>";
		};
/* End PBXGroup section */

/* Begin PBXNativeTarget section */
		BFB91DF126650AE000E9C3BE /* calculator */ = {
			isa = PBXNativeTarget;
			buildConfigurationList = BFB91E1C26650AE600E9C3BE /* Build configuration list for PBXNativeTarget "calculator" */;
			buildPhases = (
				BFB91DEE26650AE000E9C3BE /* Sources */,
				BFB91DEF26650AE000E9C3BE /* Frameworks */,
				BFB91DF026650AE000E9C3BE /* Resources */,
			);
			buildRules = (
			);
			dependencies = (
			);
			name = calculator;
			productName = calculator;
			productReference = BFB91DF226650AE000E9C3BE /* calculator.app */;
			productType = "com.apple.product-type.application";
		};
		BFB91E0726650AE600E9C3BE /* calculatorTests */ = {
			isa = PBXNativeTarget;
			buildConfigurationList = BFB91E1F26650AE600E9C3BE /* Build configuration list for PBXNativeTarget "calculatorTests" */;
			buildPhases = (
				BFB91E0426650AE600E9C3BE /* Sources */,
				BFB91E0526650AE600E9C3BE /* Frameworks */,
				BFB91E0626650AE600E9C3BE /* Resources */,
			);
			buildRules = (
			);
			dependencies = (
				BFB91E0A26650AE600E9C3BE /* PBXTargetDependency */,
			);
			name = calculatorTests;
			productName = calculatorTests;
			productReference = BFB91E0826650AE600E9C3BE /* calculatorTests.xctest */;
			productType = "com.apple.product-type.bundle.unit-test";
		};
		BFB91E1226650AE600E9C3BE /* calculatorUITests */ = {
			isa = PBXNativeTarget;
			buildConfigurationList = BFB91E2226650AE600E9C3BE /* Build configuration list for PBXNativeTarget "calculatorUITests" */;
			buildPhases = (
				BFB91E0F26650AE600E9C3BE /* Sources */,
				BFB91E1026650AE600E9C3BE /* Frameworks */,
				BFB91E1126650AE600E9C3BE /* Resources */,
			);
			buildRules = (
			);
			dependencies = (
				BFB91E1526650AE600E9C3BE /* PBXTargetDependency */,
			);
			name = calculatorUITests;
			productName = calculatorUITests;
			productReference = BFB91E1326650AE600E9C3BE /* calculatorUITests.xctest */;
			productType = "com.apple.product-type.bundle.ui-testing";
		};
/* End PBXNativeTarget section */

/* Begin PBXProject section */
		BFB91DEA26650AE000E9C3BE /* Project object */ = {
			isa = PBXProject;
			attributes = {
				LastSwiftUpdateCheck = 1230;
				LastUpgradeCheck = 1230;
				TargetAttributes = {
					BFB91DF126650AE000E9C3BE = {
						CreatedOnToolsVersion = 12.3;
					};
					BFB91E0726650AE600E9C3BE = {
						CreatedOnToolsVersion = 12.3;
						TestTargetID = BFB91DF126650AE000E9C3BE;
					};
					BFB91E1226650AE600E9C3BE = {
						CreatedOnToolsVersion = 12.3;
						TestTargetID = BFB91DF126650AE000E9C3BE;
					};
				};
			};
			buildConfigurationList = BFB91DED26650AE000E9C3BE /* Build configuration list for PBXProject "calculator" */;
			compatibilityVersion = "Xcode 9.3";
			developmentRegion = en;
			hasScannedForEncodings = 0;
			knownRegions = (
				en,
				Base,
			);
			mainGroup = BFB91DE926650AE000E9C3BE;
			productRefGroup = BFB91DF326650AE000E9C3BE /* Products */;
			projectDirPath = "";
			projectRoot = "";
			targets = (
				BFB91DF126650AE000E9C3BE /* calculator */,
				BFB91E0726650AE600E9C3BE /* calculatorTests */,
				BFB91E1226650AE600E9C3BE /* calculatorUITests */,
			);
		};
/* End PBXProject section */

/* Begin PBXResourcesBuildPhase section */
		BFB91DF026650AE000E9C3BE /* Resources */ = {
			isa = PBXResourcesBuildPhase;
			buildActionMask = 2147483647;
			files = (
				BFB91E0226650AE500E9C3BE /* LaunchScreen.storyboard in Resources */,
				BFB91DFF26650AE500E9C3BE /* Assets.xcassets in Resources */,
				BFB91DFD26650AE000E9C3BE /* Main.storyboard in Resources */,
			);
			runOnlyForDeploymentPostprocessing = 0;
		};
		BFB91E0626650AE600E9C3BE /* Resources */ = {
			isa = PBXResourcesBuildPhase;
			buildActionMask = 2147483647;
			files = (
			);
			runOnlyForDeploymentPostprocessing = 0;
		};
		BFB91E1126650AE600E9C3BE /* Resources */ = {
			isa = PBXResourcesBuildPhase;
			buildActionMask = 2147483647;
			files = (
			);
			runOnlyForDeploymentPostprocessing = 0;
		};
/* End PBXResourcesBuildPhase section */

/* Begin PBXSourcesBuildPhase section */
		BFB91DEE26650AE000E9C3BE /* Sources */ = {
			isa = PBXSourcesBuildPhase;
			buildActionMask = 2147483647;
			files = (
				BFB91DFA26650AE000E9C3BE /* ViewController.swift in Sources */,
				BFB91DF626650AE000E9C3BE /* AppDelegate.swift in Sources */,
				BFB91DF826650AE000E9C3BE /* SceneDelegate.swift in Sources */,
			);
			runOnlyForDeploymentPostprocessing = 0;
		};
		BFB91E0426650AE600E9C3BE /* Sources */ = {
			isa = PBXSourcesBuildPhase;
			buildActionMask = 2147483647;
			files = (
				BFB91E0D26650AE600E9C3BE /* calculatorTests.swift in Sources */,
			);
			runOnlyForDeploymentPostprocessing = 0;
		};
		BFB91E0F26650AE600E9C3BE /* Sources */ = {
			isa = PBXSourcesBuildPhase;
			buildActionMask = 2147483647;
			files = (
				BFB91E1826650AE600E9C3BE /* calculatorUITests.swift in Sources */,
			);
			runOnlyForDeploymentPostprocessing = 0;
		};
/* End PBXSourcesBuildPhase section */

/* Begin PBXTargetDependency section */
		BFB91E0A26650AE600E9C3BE /* PBXTargetDependency */ = {
			isa = PBXTargetDependency;
			target = BFB91DF126650AE000E9C3BE /* calculator */;
			targetProxy = BFB91E0926650AE600E9C3BE /* PBXContainerItemProxy */;
		};
		BFB91E1526650AE600E9C3BE /* PBXTargetDependency */ = {
			isa = PBXTargetDependency;
			target = BFB91DF126650AE000E9C3BE /* calculator */;
			targetProxy = BFB91E1426650AE600E9C3BE /* PBXContainerItemProxy */;
		};
/* End PBXTargetDependency section */

/* Begin PBXVariantGroup section */
		BFB91DFB26650AE000E9C3BE /* Main.storyboard */ = {
			isa = PBXVariantGroup;
			children = (
				BFB91DFC26650AE000E9C3BE /* Base */,
			);
			name = Main.storyboard;
			sourceTree = "<group>";
		};
		BFB91E0026650AE500E9C3BE /* LaunchScreen.storyboard */ = {
			isa = PBXVariantGroup;
			children = (
				BFB91E0126650AE500E9C3BE /* Base */,
			);
			name = LaunchScreen.storyboard;
			sourceTree = "<group>";
		};
/* End PBXVariantGroup section */

/* Begin XCBuildConfiguration section */
		BFB91E1A26650AE600E9C3BE /* Debug */ = {
			isa = XCBuildConfiguration;
			buildSettings = {
				ALWAYS_SEARCH_USER_PATHS = NO;
				CLANG_ANALYZER_NONNULL = YES;
				CLANG_ANALYZER_NUMBER_OBJECT_CONVERSION = YES_AGGRESSIVE;
				CLANG_CXX_LANGUAGE_STANDARD = "gnu++14";
				CLANG_CXX_LIBRARY = "libc++";
				CLANG_ENABLE_MODULES = YES;
				CLANG_ENABLE_OBJC_ARC = YES;
				CLANG_ENABLE_OBJC_WEAK = YES;
				CLANG_WARN_BLOCK_CAPTURE_AUTORELEASING = YES;
				CLANG_WARN_BOOL_CONVERSION = YES;
				CLANG_WARN_COMMA = YES;
				CLANG_WARN_CONSTANT_CONVERSION = YES;
				CLANG_WARN_DEPRECATED_OBJC_IMPLEMENTATIONS = YES;
				CLANG_WARN_DIRECT_OBJC_ISA_USAGE = YES_ERROR;
				CLANG_WARN_DOCUMENTATION_COMMENTS = YES;
				CLANG_WARN_EMPTY_BODY = YES;
				CLANG_WARN_ENUM_CONVERSION = YES;
				CLANG_WARN_INFINITE_RECURSION = YES;
				CLANG_WARN_INT_CONVERSION = YES;
				CLANG_WARN_NON_LITERAL_NULL_CONVERSION = YES;
				CLANG_WARN_OBJC_IMPLICIT_RETAIN_SELF = YES;
				CLANG_WARN_OBJC_LITERAL_CONVERSION = YES;
				CLANG_WARN_OBJC_ROOT_CLASS = YES_ERROR;
				CLANG_WARN_QUOTED_INCLUDE_IN_FRAMEWORK_HEADER = YES;
				CLANG_WARN_RANGE_LOOP_ANALYSIS = YES;
				CLANG_WARN_STRICT_PROTOTYPES = YES;
				CLANG_WARN_SUSPICIOUS_MOVE = YES;
				CLANG_WARN_UNGUARDED_AVAILABILITY = YES_AGGRESSIVE;
				CLANG_WARN_UNREACHABLE_CODE = YES;
				CLANG_WARN__DUPLICATE_METHOD_MATCH = YES;
				COPY_PHASE_STRIP = NO;
				DEBUG_INFORMATION_FORMAT = dwarf;
				ENABLE_STRICT_OBJC_MSGSEND = YES;
				ENABLE_TESTABILITY = YES;
				GCC_C_LANGUAGE_STANDARD = gnu11;
				GCC_DYNAMIC_NO_PIC = NO;
				GCC_NO_COMMON_BLOCKS = YES;
				GCC_OPTIMIZATION_LEVEL = 0;
				GCC_PREPROCESSOR_DEFINITIONS = (
					"DEBUG=1",
					"$(inherited)",
				);
				GCC_WARN_64_TO_32_BIT_CONVERSION = YES;
				GCC_WARN_ABOUT_RETURN_TYPE = YES_ERROR;
				GCC_WARN_UNDECLARED_SELECTOR = YES;
				GCC_WARN_UNINITIALIZED_AUTOS = YES_AGGRESSIVE;
				GCC_WARN_UNUSED_FUNCTION = YES;
				GCC_WARN_UNUSED_VARIABLE = YES;
				IPHONEOS_DEPLOYMENT_TARGET = 14.3;
				MTL_ENABLE_DEBUG_INFO = INCLUDE_SOURCE;
				MTL_FAST_MATH = YES;
				ONLY_ACTIVE_ARCH = YES;
				SDKROOT = iphoneos;
				SWIFT_ACTIVE_COMPILATION_CONDITIONS = DEBUG;
				SWIFT_OPTIMIZATION_LEVEL = "-Onone";
			};
			name = Debug;
		};
		BFB91E1B26650AE600E9C3BE /* Release */ = {
			isa = XCBuildConfiguration;
			buildSettings = {
				ALWAYS_SEARCH_USER_PATHS = NO;
				CLANG_ANALYZER_NONNULL = YES;
				CLANG_ANALYZER_NUMBER_OBJECT_CONVERSION = YES_AGGRESSIVE;
				CLANG_CXX_LANGUAGE_STANDARD = "gnu++14";
				CLANG_CXX_LIBRARY = "libc++";
				CLANG_ENABLE_MODULES = YES;
				CLANG_ENABLE_OBJC_ARC = YES;
				CLANG_ENABLE_OBJC_WEAK = YES;
				CLANG_WARN_BLOCK_CAPTURE_AUTORELEASING = YES;
				CLANG_WARN_BOOL_CONVERSION = YES;
				CLANG_WARN_COMMA = YES;
				CLANG_WARN_CONSTANT_CONVERSION = YES;
				CLANG_WARN_DEPRECATED_OBJC_IMPLEMENTATIONS = YES;
				CLANG_WARN_DIRECT_OBJC_ISA_USAGE = YES_ERROR;
				CLANG_WARN_DOCUMENTATION_COMMENTS = YES;
				CLANG_WARN_EMPTY_BODY = YES;
				CLANG_WARN_ENUM_CONVERSION = YES;
				CLANG_WARN_INFINITE_RECURSION = YES;
				CLANG_WARN_INT_CONVERSION = YES;
				CLANG_WARN_NON_LITERAL_NULL_CONVERSION = YES;
				CLANG_WARN_OBJC_IMPLICIT_RETAIN_SELF = YES;
				CLANG_WARN_OBJC_LITERAL_CONVERSION = YES;
				CLANG_WARN_OBJC_ROOT_CLASS = YES_ERROR;
				CLANG_WARN_QUOTED_INCLUDE_IN_FRAMEWORK_HEADER = YES;
				CLANG_WARN_RANGE_LOOP_ANALYSIS = YES;
				CLANG_WARN_STRICT_PROTOTYPES = YES;
				CLANG_WARN_SUSPICIOUS_MOVE = YES;
				CLANG_WARN_UNGUARDED_AVAILABILITY = YES_AGGRESSIVE;
				CLANG_WARN_UNREACHABLE_CODE = YES;
				CLANG_WARN__DUPLICATE_METHOD_MATCH = YES;
				COPY_PHASE_STRIP = NO;
				DEBUG_INFORMATION_FORMAT = "dwarf-with-dsym";
				ENABLE_NS_ASSERTIONS = NO;
				ENABLE_STRICT_OBJC_MSGSEND = YES;
				GCC_C_LANGUAGE_STANDARD = gnu11;
				GCC_NO_COMMON_BLOCKS = YES;
				GCC_WARN_64_TO_32_BIT_CONVERSION = YES;
				GCC_WARN_ABOUT_RETURN_TYPE = YES_ERROR;
				GCC_WARN_UNDECLARED_SELECTOR = YES;
				GCC_WARN_UNINITIALIZED_AUTOS = YES_AGGRESSIVE;
				GCC_WARN_UNUSED_FUNCTION = YES;
				GCC_WARN_UNUSED_VARIABLE = YES;
				IPHONEOS_DEPLOYMENT_TARGET = 14.3;
				MTL_ENABLE_DEBUG_INFO = NO;
				MTL_FAST_MATH = YES;
				SDKROOT = iphoneos;
				SWIFT_COMPILATION_MODE = wholemodule;
				SWIFT_OPTIMIZATION_LEVEL = "-O";
				VALIDATE_PRODUCT = YES;
			};
			name = Release;
		};
		BFB91E1D26650AE600E9C3BE /* Debug */ = {
			isa = XCBuildConfiguration;
			buildSettings = {
				ASSETCATALOG_COMPILER_APPICON_NAME = AppIcon;
				ASSETCATALOG_COMPILER_GLOBAL_ACCENT_COLOR_NAME = AccentColor;
				CODE_SIGN_STYLE = Automatic;
				INFOPLIST_FILE = calculator/Info.plist;
				LD_RUNPATH_SEARCH_PATHS = (
					"$(inherited)",
					"@executable_path/Frameworks",
				);
				PRODUCT_BUNDLE_IDENTIFIER = serbo.calculator;
				PRODUCT_NAME = "$(TARGET_NAME)";
				SWIFT_VERSION = 5.0;
				TARGETED_DEVICE_FAMILY = "1,2";
			};
			name = Debug;
		};
		BFB91E1E26650AE600E9C3BE /* Release */ = {
			isa = XCBuildConfiguration;
			buildSettings = {
				ASSETCATALOG_COMPILER_APPICON_NAME = AppIcon;
				ASSETCATALOG_COMPILER_GLOBAL_ACCENT_COLOR_NAME = AccentColor;
				CODE_SIGN_STYLE = Automatic;
				INFOPLIST_FILE = calculator/Info.plist;
				LD_RUNPATH_SEARCH_PATHS = (
					"$(inherited)",
					"@executable_path/Frameworks",
				);
				PRODUCT_BUNDLE_IDENTIFIER = serbo.calculator;
				PRODUCT_NAME = "$(TARGET_NAME)";
				SWIFT_VERSION = 5.0;
				TARGETED_DEVICE_FAMILY = "1,2";
			};
			name = Release;
		};
		BFB91E2026650AE600E9C3BE /* Debug */ = {
			isa = XCBuildConfiguration;
			buildSettings = {
				ALWAYS_EMBED_SWIFT_STANDARD_LIBRARIES = YES;
				BUNDLE_LOADER = "$(TEST_HOST)";
				CODE_SIGN_STYLE = Automatic;
				INFOPLIST_FILE = calculatorTests/Info.plist;
				IPHONEOS_DEPLOYMENT_TARGET = 14.3;
				LD_RUNPATH_SEARCH_PATHS = (
					"$(inherited)",
					"@executable_path/Frameworks",
					"@loader_path/Frameworks",
				);
				PRODUCT_BUNDLE_IDENTIFIER = serbo.calculatorTests;
				PRODUCT_NAME = "$(TARGET_NAME)";
				SWIFT_VERSION = 5.0;
				TARGETED_DEVICE_FAMILY = "1,2";
				TEST_HOST = "$(BUILT_PRODUCTS_DIR)/calculator.app/calculator";
			};
			name = Debug;
		};
		BFB91E2126650AE600E9C3BE /* Release */ = {
			isa = XCBuildConfiguration;
			buildSettings = {
				ALWAYS_EMBED_SWIFT_STANDARD_LIBRARIES = YES;
				BUNDLE_LOADER = "$(TEST_HOST)";
				CODE_SIGN_STYLE = Automatic;
				INFOPLIST_FILE = calculatorTests/Info.plist;
				IPHONEOS_DEPLOYMENT_TARGET = 14.3;
				LD_RUNPATH_SEARCH_PATHS = (
					"$(inherited)",
					"@executable_path/Frameworks",
					"@loader_path/Frameworks",
				);
				PRODUCT_BUNDLE_IDENTIFIER = serbo.calculatorTests;
				PRODUCT_NAME = "$(TARGET_NAME)";
				SWIFT_VERSION = 5.0;
				TARGETED_DEVICE_FAMILY = "1,2";
				TEST_HOST = "$(BUILT_PRODUCTS_DIR)/calculator.app/calculator";
			};
			name = Release;
		};
		BFB91E2326650AE600E9C3BE /* Debug */ = {
			isa = XCBuildConfiguration;
			buildSettings = {
				ALWAYS_EMBED_SWIFT_STANDARD_LIBRARIES = YES;
				CODE_SIGN_STYLE = Automatic;
				INFOPLIST_FILE = calculatorUITests/Info.plist;
				LD_RUNPATH_SEARCH_PATHS = (
					"$(inherited)",
					"@executable_path/Frameworks",
					"@loader_path/Frameworks",
				);
				PRODUCT_BUNDLE_IDENTIFIER = serbo.calculatorUITests;
				PRODUCT_NAME = "$(TARGET_NAME)";
				SWIFT_VERSION = 5.0;
				TARGETED_DEVICE_FAMILY = "1,2";
				TEST_TARGET_NAME = calculator;
			};
			name = Debug;
		};
		BFB91E2426650AE600E9C3BE /* Release */ = {
			isa = XCBuildConfiguration;
			buildSettings = {
				ALWAYS_EMBED_SWIFT_STANDARD_LIBRARIES = YES;
				CODE_SIGN_STYLE = Automatic;
				INFOPLIST_FILE = calculatorUITests/Info.plist;
				LD_RUNPATH_SEARCH_PATHS = (
					"$(inherited)",
					"@executable_path/Frameworks",
					"@loader_path/Frameworks",
				);
				PRODUCT_BUNDLE_IDENTIFIER = serbo.calculatorUITests;
				PRODUCT_NAME = "$(TARGET_NAME)";
				SWIFT_VERSION = 5.0;
				TARGETED_DEVICE_FAMILY = "1,2";
				TEST_TARGET_NAME = calculator;
			};
			name = Release;
		};
/* End XCBuildConfiguration section */

/* Begin XCConfigurationList section */
		BFB91DED26650AE000E9C3BE /* Build configuration list for PBXProject "calculator" */ = {
			isa = XCConfigurationList;
			buildConfigurations = (
				BFB91E1A26650AE600E9C3BE /* Debug */,
				BFB91E1B26650AE600E9C3BE /* Release */,
			);
			defaultConfigurationIsVisible = 0;
			defaultConfigurationName = Release;
		};
		BFB91E1C26650AE600E9C3BE /* Build configuration list for PBXNativeTarget "calculator" */ = {
			isa = XCConfigurationList;
			buildConfigurations = (
				BFB91E1D26650AE600E9C3BE /* Debug */,
				BFB91E1E26650AE600E9C3BE /* Release */,
			);
			defaultConfigurationIsVisible = 0;
			defaultConfigurationName = Release;
		};
		BFB91E1F26650AE600E9C3BE /* Build configuration list for PBXNativeTarget "calculatorTests" */ = {
			isa = XCConfigurationList;
			buildConfigurations = (
				BFB91E2026650AE600E9C3BE /* Debug */,
				BFB91E2126650AE600E9C3BE /* Release */,
			);
			defaultConfigurationIsVisible = 0;
			defaultConfigurationName = Release;
		};
		BFB91E2226650AE600E9C3BE /* Build configuration list for PBXNativeTarget "calculatorUITests" */ = {
			isa = XCConfigurationList;
			buildConfigurations = (
				BFB91E2326650AE600E9C3BE /* Debug */,
				BFB91E2426650AE600E9C3BE /* Release */,
			);
			defaultConfigurationIsVisible = 0;
			defaultConfigurationName = Release;
		};
/* End XCConfigurationList section */
	};
	rootObject = BFB91DEA26650AE000E9C3BE /* Project object */;
}
